{
  "name": "akashic-animation-sample-Showcase",
  "version": "2.0.1",
  "lockfileVersion": 2,
  "requires": true,
  "packages": {
    "": {
      "name": "akashic-animation-sample-Showcase",
      "version": "2.0.1",
      "license": "MIT",
      "dependencies": {
        "@akashic-extension/akashic-animation": "file:../../akashic-extension-akashic-animation-4.1.0.tgz"
      },
      "devDependencies": {
        "@akashic/akashic-engine": "~3.0.0",
        "typescript": "^3.8.3"
      }
    },
    "node_modules/@akashic-extension/akashic-animation": {
      "version": "4.1.0",
      "resolved": "file:../../akashic-extension-akashic-animation-4.1.0.tgz",
      "integrity": "sha512-1atFqfyctvwiPBDTDe8U1M6I8dltSYwHZTVnOm1XCgo1ZXFKhPAiyYFyNtDOwQ72iSoIqKk4WPhbyzcrc9Qh/w==",
      "license": "MIT",
      "dependencies": {
        "@akashic/akashic-engine": "~3.4.3"
      }
    },
    "node_modules/@akashic-extension/akashic-animation/node_modules/@akashic/akashic-engine": {
      "version": "3.4.4",
      "resolved": "https://registry.npmjs.org/@akashic/akashic-engine/-/akashic-engine-3.4.4.tgz",
      "integrity": "sha512-458/BbaVeMn7qCl/woq8c4hfoxsTtuGeqqmitFwnug9lcdMvv3HSSdxqye1Gwr7ztW+71hGEeWypM02i6c3prA==",
      "dependencies": {
        "@akashic/game-configuration": "~1.4.0",
        "@akashic/pdi-types": "~1.3.0",
        "@akashic/playlog": "~3.1.0",
        "@akashic/trigger": "~1.0.1"
      }
    },
    "node_modules/@akashic-extension/akashic-animation/node_modules/@akashic/amflow": {
      "version": "3.1.0",
      "resolved": "https://registry.npmjs.org/@akashic/amflow/-/amflow-3.1.0.tgz",
      "integrity": "sha512-rruOfUXAQNI8V63dH3BMwZPH5ANKmODWbAohF1LvfrA3UixXDMlV2afLdk8km2wZnD8su3i/JATyWov355lFmQ==",
      "dependencies": {
        "@akashic/playlog": "~3.1.0"
      }
    },
    "node_modules/@akashic-extension/akashic-animation/node_modules/@akashic/pdi-types": {
      "version": "1.3.1",
      "resolved": "https://registry.npmjs.org/@akashic/pdi-types/-/pdi-types-1.3.1.tgz",
      "integrity": "sha512-9evGYvwamBRejSnqtPnuf5HNGqofzvQe7qSc+chb4mTq203DSC7ArE4WZ52FuCBHTuxwxB1EpHmLKx1QSX3NAw==",
      "dependencies": {
        "@akashic/amflow": "~3.1.0",
        "@akashic/playlog": "~3.1.0",
        "@akashic/trigger": "~1.0.1"
      }
    },
    "node_modules/@akashic/akashic-engine": {
      "version": "3.0.4",
      "resolved": "https://registry.npmjs.org/@akashic/akashic-engine/-/akashic-engine-3.0.4.tgz",
      "integrity": "sha512-+MJXeDnKvGwe0D5QAbCfprq+2gu6wDl+SwSbtQdvnDrPbN7rT11MxaabatHBFQvZAvuSwSdvL0iu2VBpxV9WZg==",
      "dev": true,
      "dependencies": {
        "@akashic/pdi-types": "~1.1.1",
        "@akashic/playlog": "~3.1.0",
        "@akashic/trigger": "~1.0.0"
      }
    },
    "node_modules/@akashic/amflow": {
      "version": "3.0.0",
      "resolved": "https://registry.npmjs.org/@akashic/amflow/-/amflow-3.0.0.tgz",
      "integrity": "sha512-0QZYEx6jPTC/mt7H5k1QKM5N6keZG+NTZdwoKO37909sBzdb/DUmCpWXCw0nD6G1ftBkXUZFIQYwU8LesaDVlQ==",
      "dev": true,
      "dependencies": {
        "@akashic/playlog": "~3.1.0"
      }
    },
    "node_modules/@akashic/game-configuration": {
      "version": "1.4.0",
      "resolved": "https://registry.npmjs.org/@akashic/game-configuration/-/game-configuration-1.4.0.tgz",
      "integrity": "sha512-AUfpwCKt2wpLzRrTd2l9KdpWNUR/aKyVDsY+9DPmms8kK2TWZ9vALv+FCliJZzf4zzkfswShcdAHQ4yb+YBa5A==",
      "dependencies": {
        "@akashic/pdi-types": "~1.3.0"
      },
      "optionalDependencies": {
        "es6-promise": "^4.2.8"
      }
    },
    "node_modules/@akashic/game-configuration/node_modules/@akashic/amflow": {
      "version": "3.1.0",
      "resolved": "https://registry.npmjs.org/@akashic/amflow/-/amflow-3.1.0.tgz",
      "integrity": "sha512-rruOfUXAQNI8V63dH3BMwZPH5ANKmODWbAohF1LvfrA3UixXDMlV2afLdk8km2wZnD8su3i/JATyWov355lFmQ==",
      "dependencies": {
        "@akashic/playlog": "~3.1.0"
      }
    },
    "node_modules/@akashic/game-configuration/node_modules/@akashic/pdi-types": {
      "version": "1.3.1",
      "resolved": "https://registry.npmjs.org/@akashic/pdi-types/-/pdi-types-1.3.1.tgz",
      "integrity": "sha512-9evGYvwamBRejSnqtPnuf5HNGqofzvQe7qSc+chb4mTq203DSC7ArE4WZ52FuCBHTuxwxB1EpHmLKx1QSX3NAw==",
      "dependencies": {
        "@akashic/amflow": "~3.1.0",
        "@akashic/playlog": "~3.1.0",
        "@akashic/trigger": "~1.0.1"
      }
    },
    "node_modules/@akashic/pdi-types": {
      "version": "1.1.1",
      "resolved": "https://registry.npmjs.org/@akashic/pdi-types/-/pdi-types-1.1.1.tgz",
      "integrity": "sha512-fMwflzmpaRAJqUfq5dJvGxFAle7mcwey0suLTxG/1UDfMeI6U0H/4sjKV0E+OfW6PkYbm9VkGn88MLIaogZVnw==",
      "dev": true,
      "dependencies": {
        "@akashic/amflow": "~3.0.0",
        "@akashic/playlog": "~3.1.0",
        "@akashic/trigger": "~1.0.0"
      }
    },
    "node_modules/@akashic/playlog": {
      "version": "3.1.0",
      "resolved": "https://registry.npmjs.org/@akashic/playlog/-/playlog-3.1.0.tgz",
      "integrity": "sha512-O0gByaFr8Cq7Xc9QVg2MamhxZIssfFXvGSEegyJhUz787xCQ4SK5R0fdN0cUMoPJJBay/6W17scG1G8ndxC24g=="
    },
    "node_modules/@akashic/trigger": {
      "version": "1.0.1",
      "resolved": "https://registry.npmjs.org/@akashic/trigger/-/trigger-1.0.1.tgz",
      "integrity": "sha512-rDQ8iaxw1CWsy1DAoemoOgSpDjgC1o9jLljW/H3S26CxKNl8M4bnrpDIFbgzsld7es5Pdlrs9pWFZYdicpARZw=="
    },
    "node_modules/es6-promise": {
      "version": "4.2.8",
      "resolved": "https://registry.npmjs.org/es6-promise/-/es6-promise-4.2.8.tgz",
      "integrity": "sha512-HJDGx5daxeIvxdBxvG2cb9g4tEvwIk3i8+nhX0yGrYmZUzbkdg8QbDevheDB8gd0//uPj4c1EQua8Q+MViT0/w==",
      "optional": true
    },
    "node_modules/typescript": {
      "version": "3.9.10",
      "resolved": "https://registry.npmjs.org/typescript/-/typescript-3.9.10.tgz",
      "integrity": "sha512-w6fIxVE/H1PkLKcCPsFqKE7Kv7QUwhU8qQY2MueZXWx5cPZdwFupLgKK3vntcK98BtNHZtAF4LA/yl2a7k8R6Q==",
      "dev": true,
      "bin": {
        "tsc": "bin/tsc",
        "tsserver": "bin/tsserver"
      },
      "engines": {
        "node": ">=4.2.0"
      }
    }
  },
  "dependencies": {
    "@akashic-extension/akashic-animation": {
      "version": "file:../../akashic-extension-akashic-animation-4.1.0.tgz",
      "integrity": "sha512-1atFqfyctvwiPBDTDe8U1M6I8dltSYwHZTVnOm1XCgo1ZXFKhPAiyYFyNtDOwQ72iSoIqKk4WPhbyzcrc9Qh/w==",
      "requires": {
        "@akashic/akashic-engine": "~3.4.3"
      },
      "dependencies": {
        "@akashic/akashic-engine": {
          "version": "3.4.4",
          "resolved": "https://registry.npmjs.org/@akashic/akashic-engine/-/akashic-engine-3.4.4.tgz",
          "integrity": "sha512-458/BbaVeMn7qCl/woq8c4hfoxsTtuGeqqmitFwnug9lcdMvv3HSSdxqye1Gwr7ztW+71hGEeWypM02i6c3prA==",
          "requires": {
            "@akashic/game-configuration": "~1.4.0",
            "@akashic/pdi-types": "~1.3.0",
            "@akashic/playlog": "~3.1.0",
            "@akashic/trigger": "~1.0.1"
          }
        },
        "@akashic/amflow": {
          "version": "3.1.0",
          "resolved": "https://registry.npmjs.org/@akashic/amflow/-/amflow-3.1.0.tgz",
          "integrity": "sha512-rruOfUXAQNI8V63dH3BMwZPH5ANKmODWbAohF1LvfrA3UixXDMlV2afLdk8km2wZnD8su3i/JATyWov355lFmQ==",
          "requires": {
            "@akashic/playlog": "~3.1.0"
          }
        },
        "@akashic/pdi-types": {
          "version": "1.3.1",
          "resolved": "https://registry.npmjs.org/@akashic/pdi-types/-/pdi-types-1.3.1.tgz",
          "integrity": "sha512-9evGYvwamBRejSnqtPnuf5HNGqofzvQe7qSc+chb4mTq203DSC7ArE4WZ52FuCBHTuxwxB1EpHmLKx1QSX3NAw==",
          "requires": {
            "@akashic/amflow": "~3.1.0",
            "@akashic/playlog": "~3.1.0",
            "@akashic/trigger": "~1.0.1"
          }
        }
      }
    },
    "@akashic/akashic-engine": {
      "version": "3.0.4",
      "resolved": "https://registry.npmjs.org/@akashic/akashic-engine/-/akashic-engine-3.0.4.tgz",
      "integrity": "sha512-+MJXeDnKvGwe0D5QAbCfprq+2gu6wDl+SwSbtQdvnDrPbN7rT11MxaabatHBFQvZAvuSwSdvL0iu2VBpxV9WZg==",
      "dev": true,
      "requires": {
        "@akashic/pdi-types": "~1.1.1",
        "@akashic/playlog": "~3.1.0",
        "@akashic/trigger": "~1.0.0"
      }
    },
    "@akashic/amflow": {
      "version": "3.0.0",
      "resolved": "https://registry.npmjs.org/@akashic/amflow/-/amflow-3.0.0.tgz",
      "integrity": "sha512-0QZYEx6jPTC/mt7H5k1QKM5N6keZG+NTZdwoKO37909sBzdb/DUmCpWXCw0nD6G1ftBkXUZFIQYwU8LesaDVlQ==",
      "dev": true,
      "requires": {
        "@akashic/playlog": "~3.1.0"
      }
    },
    "@akashic/game-configuration": {
      "version": "1.4.0",
      "resolved": "https://registry.npmjs.org/@akashic/game-configuration/-/game-configuration-1.4.0.tgz",
      "integrity": "sha512-AUfpwCKt2wpLzRrTd2l9KdpWNUR/aKyVDsY+9DPmms8kK2TWZ9vALv+FCliJZzf4zzkfswShcdAHQ4yb+YBa5A==",
      "requires": {
        "@akashic/pdi-types": "~1.3.0",
        "es6-promise": "^4.2.8"
      },
      "dependencies": {
        "@akashic/amflow": {
          "version": "3.1.0",
          "resolved": "https://registry.npmjs.org/@akashic/amflow/-/amflow-3.1.0.tgz",
          "integrity": "sha512-rruOfUXAQNI8V63dH3BMwZPH5ANKmODWbAohF1LvfrA3UixXDMlV2afLdk8km2wZnD8su3i/JATyWov355lFmQ==",
          "requires": {
            "@akashic/playlog": "~3.1.0"
          }
        },
        "@akashic/pdi-types": {
          "version": "1.3.1",
          "resolved": "https://registry.npmjs.org/@akashic/pdi-types/-/pdi-types-1.3.1.tgz",
          "integrity": "sha512-9evGYvwamBRejSnqtPnuf5HNGqofzvQe7qSc+chb4mTq203DSC7ArE4WZ52FuCBHTuxwxB1EpHmLKx1QSX3NAw==",
          "requires": {
            "@akashic/amflow": "~3.1.0",
            "@akashic/playlog": "~3.1.0",
            "@akashic/trigger": "~1.0.1"
          }
        }
      }
    },
    "@akashic/pdi-types": {
      "version": "1.1.1",
      "resolved": "https://registry.npmjs.org/@akashic/pdi-types/-/pdi-types-1.1.1.tgz",
      "integrity": "sha512-fMwflzmpaRAJqUfq5dJvGxFAle7mcwey0suLTxG/1UDfMeI6U0H/4sjKV0E+OfW6PkYbm9VkGn88MLIaogZVnw==",
      "dev": true,
      "requires": {
        "@akashic/amflow": "~3.0.0",
        "@akashic/playlog": "~3.1.0",
        "@akashic/trigger": "~1.0.0"
      }
    },
    "@akashic/playlog": {
      "version": "3.1.0",
      "resolved": "https://registry.npmjs.org/@akashic/playlog/-/playlog-3.1.0.tgz",
      "integrity": "sha512-O0gByaFr8Cq7Xc9QVg2MamhxZIssfFXvGSEegyJhUz787xCQ4SK5R0fdN0cUMoPJJBay/6W17scG1G8ndxC24g=="
    },
    "@akashic/trigger": {
      "version": "1.0.1",
      "resolved": "https://registry.npmjs.org/@akashic/trigger/-/trigger-1.0.1.tgz",
      "integrity": "sha512-rDQ8iaxw1CWsy1DAoemoOgSpDjgC1o9jLljW/H3S26CxKNl8M4bnrpDIFbgzsld7es5Pdlrs9pWFZYdicpARZw=="
    },
    "es6-promise": {
      "version": "4.2.8",
      "resolved": "https://registry.npmjs.org/es6-promise/-/es6-promise-4.2.8.tgz",
      "integrity": "sha512-HJDGx5daxeIvxdBxvG2cb9g4tEvwIk3i8+nhX0yGrYmZUzbkdg8QbDevheDB8gd0//uPj4c1EQua8Q+MViT0/w==",
      "optional": true
    },
    "typescript": {
      "version": "3.9.10",
      "resolved": "https://registry.npmjs.org/typescript/-/typescript-3.9.10.tgz",
      "integrity": "sha512-w6fIxVE/H1PkLKcCPsFqKE7Kv7QUwhU8qQY2MueZXWx5cPZdwFupLgKK3vntcK98BtNHZtAF4LA/yl2a7k8R6Q==",
      "dev": true
    }
  }
}
