{
  "name": "akashic-animation-sample-Effect",
  "version": "1.0.0",
  "lockfileVersion": 2,
  "requires": true,
  "packages": {
    "": {
      "name": "akashic-animation-sample-Effect",
      "version": "1.0.0",
      "hasInstallScript": true,
      "license": "MIT",
      "dependencies": {
        "@akashic-extension/akashic-animation": "4.0.0"
      },
      "devDependencies": {
        "@akashic/akashic-engine": "~3.0.0",
        "typescript": "^3.9.7"
      }
    },
    "node_modules/@akashic-extension/akashic-animation": {
      "version": "4.0.0",
      "resolved": "https://registry.npmjs.org/@akashic-extension/akashic-animation/-/akashic-animation-4.0.0.tgz",
      "integrity": "sha512-qSvCrwKAV9TDbxGRtmlw4aQkVNozPlp8a1/gjcGPCPh7Pixgbkvi1nWMbvUnK9QiCRuYLqc+f55DjIsOKDz22A==",
      "dependencies": {
        "@akashic/akashic-engine": "~3.0.0"
      }
    },
    "node_modules/@akashic/akashic-engine": {
      "version": "3.0.4",
      "resolved": "https://registry.npmjs.org/@akashic/akashic-engine/-/akashic-engine-3.0.4.tgz",
      "integrity": "sha512-+MJXeDnKvGwe0D5QAbCfprq+2gu6wDl+SwSbtQdvnDrPbN7rT11MxaabatHBFQvZAvuSwSdvL0iu2VBpxV9WZg==",
      "dependencies": {
        "@akashic/pdi-types": "~1.1.1",
        "@akashic/playlog": "~3.1.0",
        "@akashic/trigger": "~1.0.0"
      }
    },
    "node_modules/@akashic/amflow": {
      "version": "3.0.0",
      "resolved": "https://registry.npmjs.org/@akashic/amflow/-/amflow-3.0.0.tgz",
      "integrity": "sha512-0QZYEx6jPTC/mt7H5k1QKM5N6keZG+NTZdwoKO37909sBzdb/DUmCpWXCw0nD6G1ftBkXUZFIQYwU8LesaDVlQ==",
      "dependencies": {
        "@akashic/playlog": "~3.1.0"
      }
    },
    "node_modules/@akashic/pdi-types": {
      "version": "1.1.1",
      "resolved": "https://registry.npmjs.org/@akashic/pdi-types/-/pdi-types-1.1.1.tgz",
      "integrity": "sha512-fMwflzmpaRAJqUfq5dJvGxFAle7mcwey0suLTxG/1UDfMeI6U0H/4sjKV0E+OfW6PkYbm9VkGn88MLIaogZVnw==",
      "dependencies": {
        "@akashic/amflow": "~3.0.0",
        "@akashic/playlog": "~3.1.0",
        "@akashic/trigger": "~1.0.0"
      }
    },
    "node_modules/@akashic/playlog": {
      "version": "3.1.0",
      "resolved": "https://registry.npmjs.org/@akashic/playlog/-/playlog-3.1.0.tgz",
      "integrity": "sha512-O0gByaFr8Cq7Xc9QVg2MamhxZIssfFXvGSEegyJhUz787xCQ4SK5R0fdN0cUMoPJJBay/6W17scG1G8ndxC24g=="
    },
    "node_modules/@akashic/trigger": {
      "version": "1.0.1",
      "resolved": "https://registry.npmjs.org/@akashic/trigger/-/trigger-1.0.1.tgz",
      "integrity": "sha512-rDQ8iaxw1CWsy1DAoemoOgSpDjgC1o9jLljW/H3S26CxKNl8M4bnrpDIFbgzsld7es5Pdlrs9pWFZYdicpARZw=="
    },
    "node_modules/typescript": {
      "version": "3.9.10",
      "resolved": "https://registry.npmjs.org/typescript/-/typescript-3.9.10.tgz",
      "integrity": "sha512-w6fIxVE/H1PkLKcCPsFqKE7Kv7QUwhU8qQY2MueZXWx5cPZdwFupLgKK3vntcK98BtNHZtAF4LA/yl2a7k8R6Q==",
      "dev": true,
      "bin": {
        "tsc": "bin/tsc",
        "tsserver": "bin/tsserver"
      },
      "engines": {
        "node": ">=4.2.0"
      }
    }
  },
  "dependencies": {
    "@akashic-extension/akashic-animation": {
      "version": "4.0.0",
      "resolved": "https://registry.npmjs.org/@akashic-extension/akashic-animation/-/akashic-animation-4.0.0.tgz",
      "integrity": "sha512-qSvCrwKAV9TDbxGRtmlw4aQkVNozPlp8a1/gjcGPCPh7Pixgbkvi1nWMbvUnK9QiCRuYLqc+f55DjIsOKDz22A==",
      "requires": {
        "@akashic/akashic-engine": "~3.0.0"
      }
    },
    "@akashic/akashic-engine": {
      "version": "3.0.4",
      "resolved": "https://registry.npmjs.org/@akashic/akashic-engine/-/akashic-engine-3.0.4.tgz",
      "integrity": "sha512-+MJXeDnKvGwe0D5QAbCfprq+2gu6wDl+SwSbtQdvnDrPbN7rT11MxaabatHBFQvZAvuSwSdvL0iu2VBpxV9WZg==",
      "requires": {
        "@akashic/pdi-types": "~1.1.1",
        "@akashic/playlog": "~3.1.0",
        "@akashic/trigger": "~1.0.0"
      }
    },
    "@akashic/amflow": {
      "version": "3.0.0",
      "resolved": "https://registry.npmjs.org/@akashic/amflow/-/amflow-3.0.0.tgz",
      "integrity": "sha512-0QZYEx6jPTC/mt7H5k1QKM5N6keZG+NTZdwoKO37909sBzdb/DUmCpWXCw0nD6G1ftBkXUZFIQYwU8LesaDVlQ==",
      "requires": {
        "@akashic/playlog": "~3.1.0"
      }
    },
    "@akashic/pdi-types": {
      "version": "1.1.1",
      "resolved": "https://registry.npmjs.org/@akashic/pdi-types/-/pdi-types-1.1.1.tgz",
      "integrity": "sha512-fMwflzmpaRAJqUfq5dJvGxFAle7mcwey0suLTxG/1UDfMeI6U0H/4sjKV0E+OfW6PkYbm9VkGn88MLIaogZVnw==",
      "requires": {
        "@akashic/amflow": "~3.0.0",
        "@akashic/playlog": "~3.1.0",
        "@akashic/trigger": "~1.0.0"
      }
    },
    "@akashic/playlog": {
      "version": "3.1.0",
      "resolved": "https://registry.npmjs.org/@akashic/playlog/-/playlog-3.1.0.tgz",
      "integrity": "sha512-O0gByaFr8Cq7Xc9QVg2MamhxZIssfFXvGSEegyJhUz787xCQ4SK5R0fdN0cUMoPJJBay/6W17scG1G8ndxC24g=="
    },
    "@akashic/trigger": {
      "version": "1.0.1",
      "resolved": "https://registry.npmjs.org/@akashic/trigger/-/trigger-1.0.1.tgz",
      "integrity": "sha512-rDQ8iaxw1CWsy1DAoemoOgSpDjgC1o9jLljW/H3S26CxKNl8M4bnrpDIFbgzsld7es5Pdlrs9pWFZYdicpARZw=="
    },
    "typescript": {
      "version": "3.9.10",
      "resolved": "https://registry.npmjs.org/typescript/-/typescript-3.9.10.tgz",
      "integrity": "sha512-w6fIxVE/H1PkLKcCPsFqKE7Kv7QUwhU8qQY2MueZXWx5cPZdwFupLgKK3vntcK98BtNHZtAF4LA/yl2a7k8R6Q==",
      "dev": true
    }
  }
}
